// !$*UTF8*$!
{
	archiveVersion = 1;
	classes = {
	};
	objectVersion = 50;
	objects = {

/* Begin PBXBuildFile section */
		62D067A12236D1C400D5410B /* SignUpViewController.swift in Sources */ = {isa = PBXBuildFile; fileRef = 62D067A02236D1C400D5410B /* SignUpViewController.swift */; };
		62D067A52236D1FB00D5410B /* HealthKitAccessViewController.swift in Sources */ = {isa = PBXBuildFile; fileRef = 62D067A42236D1FB00D5410B /* HealthKitAccessViewController.swift */; };
		62D067A72236D22000D5410B /* StartDateViewController.swift in Sources */ = {isa = PBXBuildFile; fileRef = 62D067A62236D22000D5410B /* StartDateViewController.swift */; };
		62D067A92236D23800D5410B /* WeeklyGoalsViewController.swift in Sources */ = {isa = PBXBuildFile; fileRef = 62D067A82236D23800D5410B /* WeeklyGoalsViewController.swift */; };
		62D067AB2236D24A00D5410B /* MonthlyGoalsViewController.swift in Sources */ = {isa = PBXBuildFile; fileRef = 62D067AA2236D24A00D5410B /* MonthlyGoalsViewController.swift */; };
		62D067AD2236D25F00D5410B /* ShareViewController.swift in Sources */ = {isa = PBXBuildFile; fileRef = 62D067AC2236D25F00D5410B /* ShareViewController.swift */; };
		62D067AF2236D90900D5410B /* SignUpParentViewController.swift in Sources */ = {isa = PBXBuildFile; fileRef = 62D067AE2236D90900D5410B /* SignUpParentViewController.swift */; };
		62D067B12236DBDF00D5410B /* OnboardingViewController.swift in Sources */ = {isa = PBXBuildFile; fileRef = 62D067B02236DBDF00D5410B /* OnboardingViewController.swift */; };
		62D067B32236FD4800D5410B /* NewChallengeParentViewController.swift in Sources */ = {isa = PBXBuildFile; fileRef = 62D067B22236FD4800D5410B /* NewChallengeParentViewController.swift */; };
		62D067B72236FDCB00D5410B /* ChallengeOnboardingViewController.swift in Sources */ = {isa = PBXBuildFile; fileRef = 62D067B62236FDCB00D5410B /* ChallengeOnboardingViewController.swift */; };
		62D067BD2237182300D5410B /* User.swift in Sources */ = {isa = PBXBuildFile; fileRef = 62D067BC2237182300D5410B /* User.swift */; };
		62D067C0223718BD00D5410B /* User+MagicSrings.swift in Sources */ = {isa = PBXBuildFile; fileRef = 62D067BF223718BD00D5410B /* User+MagicSrings.swift */; };
		62D067C3223718F600D5410B /* UserController.swift in Sources */ = {isa = PBXBuildFile; fileRef = 62D067C2223718F600D5410B /* UserController.swift */; };
		62D067C8223719A700D5410B /* CloudKitController.swift in Sources */ = {isa = PBXBuildFile; fileRef = 62D067C7223719A700D5410B /* CloudKitController.swift */; };
		62D067CC2238220700D5410B /* PhotoSelectorViewController.swift in Sources */ = {isa = PBXBuildFile; fileRef = 62D067CB2238220700D5410B /* PhotoSelectorViewController.swift */; };
		62D067CE2238302800D5410B /* CalendarController.swift in Sources */ = {isa = PBXBuildFile; fileRef = 62D067CD2238302800D5410B /* CalendarController.swift */; };
		62D067D32238474700D5410B /* DateCollectionViewCell.swift in Sources */ = {isa = PBXBuildFile; fileRef = 62D067D22238474700D5410B /* DateCollectionViewCell.swift */; };
		62D067D62238911200D5410B /* SignUp.storyboard in Resources */ = {isa = PBXBuildFile; fileRef = 62D067D42238911200D5410B /* SignUp.storyboard */; };
		62D067D82238914400D5410B /* HealthKitAccess.storyboard in Resources */ = {isa = PBXBuildFile; fileRef = 62D067D72238914400D5410B /* HealthKitAccess.storyboard */; };
		62D067E22238921B00D5410B /* StartDate.storyboard in Resources */ = {isa = PBXBuildFile; fileRef = 62D067E02238921B00D5410B /* StartDate.storyboard */; };
		62D067E52238924E00D5410B /* WeeklyGoals.storyboard in Resources */ = {isa = PBXBuildFile; fileRef = 62D067E32238924E00D5410B /* WeeklyGoals.storyboard */; };
		62D067E72238928700D5410B /* MonthlyGoals.storyboard in Resources */ = {isa = PBXBuildFile; fileRef = 62D067E62238928700D5410B /* MonthlyGoals.storyboard */; };
		62D067EA223892A400D5410B /* InviteOthers.storyboard in Resources */ = {isa = PBXBuildFile; fileRef = 62D067E8223892A400D5410B /* InviteOthers.storyboard */; };
		62D067EC2238943B00D5410B /* FoodTab.storyboard in Resources */ = {isa = PBXBuildFile; fileRef = 62D067EB2238943B00D5410B /* FoodTab.storyboard */; };
		62D067F02238947F00D5410B /* WorkoutTab.storyboard in Resources */ = {isa = PBXBuildFile; fileRef = 62D067EE2238947F00D5410B /* WorkoutTab.storyboard */; };
		62D067F2223894A100D5410B /* GoalsTab.storyboard in Resources */ = {isa = PBXBuildFile; fileRef = 62D067F1223894A100D5410B /* GoalsTab.storyboard */; };
		62D067F5223894D500D5410B /* LeaderboardTab.storyboard in Resources */ = {isa = PBXBuildFile; fileRef = 62D067F3223894D500D5410B /* LeaderboardTab.storyboard */; };
		62D067FD22397F3600D5410B /* HealthKitController.swift in Sources */ = {isa = PBXBuildFile; fileRef = 62D067FC22397F3600D5410B /* HealthKitController.swift */; };
		62D067FF223AB68100D5410B /* DishCreatorViewController.swift in Sources */ = {isa = PBXBuildFile; fileRef = 62D067FE223AB68100D5410B /* DishCreatorViewController.swift */; };
		62D06801223AB68E00D5410B /* WorkoutViewController.swift in Sources */ = {isa = PBXBuildFile; fileRef = 62D06800223AB68E00D5410B /* WorkoutViewController.swift */; };
		62D06803223AB69900D5410B /* GoalsViewController.swift in Sources */ = {isa = PBXBuildFile; fileRef = 62D06802223AB69900D5410B /* GoalsViewController.swift */; };
		62D06805223AB6A900D5410B /* LeaderboardViewController.swift in Sources */ = {isa = PBXBuildFile; fileRef = 62D06804223AB6A900D5410B /* LeaderboardViewController.swift */; };
		62D06808223AC65A00D5410B /* AddWorkoutsViewController.swift in Sources */ = {isa = PBXBuildFile; fileRef = 62D06807223AC65A00D5410B /* AddWorkoutsViewController.swift */; };
		62FE5A18223E94A3009240C6 /* ColorController.swift in Sources */ = {isa = PBXBuildFile; fileRef = 62FE5A17223E94A3009240C6 /* ColorController.swift */; };
		62FE5A20223EAAFC009240C6 /* ostrich-regular.ttf in Resources */ = {isa = PBXBuildFile; fileRef = 62FE5A1F223EAAF1009240C6 /* ostrich-regular.ttf */; };
		62FE5A2B223EBE76009240C6 /* Settings.storyboard in Resources */ = {isa = PBXBuildFile; fileRef = 62FE5A2A223EBE76009240C6 /* Settings.storyboard */; };
		62FE5A31223EC3F0009240C6 /* SettingsTableViewController.swift in Sources */ = {isa = PBXBuildFile; fileRef = 62FE5A30223EC3F0009240C6 /* SettingsTableViewController.swift */; };
		62FE5A33223FE450009240C6 /* SettingsPopupViewController.swift in Sources */ = {isa = PBXBuildFile; fileRef = 62FE5A32223FE450009240C6 /* SettingsPopupViewController.swift */; };
		62FE5A6522429C11009240C6 /* WorkoutDetailViewController.swift in Sources */ = {isa = PBXBuildFile; fileRef = 62FE5A6422429C11009240C6 /* WorkoutDetailViewController.swift */; };
		62FE5A672242BA67009240C6 /* Workout.swift in Sources */ = {isa = PBXBuildFile; fileRef = 62FE5A662242BA67009240C6 /* Workout.swift */; };
		62FE5A692242BC7E009240C6 /* Workout+MagicStrings.swift in Sources */ = {isa = PBXBuildFile; fileRef = 62FE5A682242BC7E009240C6 /* Workout+MagicStrings.swift */; };
		62FE5A6B2242C80E009240C6 /* WorkoutController.swift in Sources */ = {isa = PBXBuildFile; fileRef = 62FE5A6A2242C80E009240C6 /* WorkoutController.swift */; };
		62FE5A6D2244193C009240C6 /* WorkoutDetailTableViewCell.swift in Sources */ = {isa = PBXBuildFile; fileRef = 62FE5A6C2244193C009240C6 /* WorkoutDetailTableViewCell.swift */; };
		B6BD36872243EB2000E66A7F /* AppStates.swift in Sources */ = {isa = PBXBuildFile; fileRef = B6BD36862243EB2000E66A7F /* AppStates.swift */; };
		B6BD368B224440DA00E66A7F /* UIViewController+Extension.swift in Sources */ = {isa = PBXBuildFile; fileRef = B6BD368A224440DA00E66A7F /* UIViewController+Extension.swift */; };
		B6E210622240500200642274 /* InitialViewController.swift in Sources */ = {isa = PBXBuildFile; fileRef = B6E210612240500100642274 /* InitialViewController.swift */; };
		B6E332BC2236B8650088D6FF /* AppDelegate.swift in Sources */ = {isa = PBXBuildFile; fileRef = B6E332BB2236B8650088D6FF /* AppDelegate.swift */; };
		B6E332C12236B8650088D6FF /* Main.storyboard in Resources */ = {isa = PBXBuildFile; fileRef = B6E332BF2236B8650088D6FF /* Main.storyboard */; };
		B6E332C32236B8680088D6FF /* Assets.xcassets in Resources */ = {isa = PBXBuildFile; fileRef = B6E332C22236B8680088D6FF /* Assets.xcassets */; };
		B6E332C62236B8680088D6FF /* LaunchScreen.storyboard in Resources */ = {isa = PBXBuildFile; fileRef = B6E332C42236B8680088D6FF /* LaunchScreen.storyboard */; };
		B6EBA5FC22380F970001F5BF /* Challenge.swift in Sources */ = {isa = PBXBuildFile; fileRef = B6EBA5FB22380F970001F5BF /* Challenge.swift */; };
		B6EBA5FE22380FE10001F5BF /* Goal.swift in Sources */ = {isa = PBXBuildFile; fileRef = B6EBA5FD22380FE10001F5BF /* Goal.swift */; };
		B6EBA602223812550001F5BF /* Challenge+MagicStrings.swift in Sources */ = {isa = PBXBuildFile; fileRef = B6EBA601223812550001F5BF /* Challenge+MagicStrings.swift */; };
		B6EBA604223812810001F5BF /* Goal+MagicStreaks.swift in Sources */ = {isa = PBXBuildFile; fileRef = B6EBA603223812810001F5BF /* Goal+MagicStreaks.swift */; };
		B6EBA608223822810001F5BF /* GoalController.swift in Sources */ = {isa = PBXBuildFile; fileRef = B6EBA607223822810001F5BF /* GoalController.swift */; };
		B6EBA60A22384F6E0001F5BF /* ChallengeController.swift in Sources */ = {isa = PBXBuildFile; fileRef = B6EBA60922384F6E0001F5BF /* ChallengeController.swift */; };
		B6EBA60E22386CD30001F5BF /* CloudKit.framework in Frameworks */ = {isa = PBXBuildFile; fileRef = B6EBA60D22386CD30001F5BF /* CloudKit.framework */; };
		B6EBA61022396D730001F5BF /* HealthKit.framework in Frameworks */ = {isa = PBXBuildFile; fileRef = B6EBA60F22396D730001F5BF /* HealthKit.framework */; };
		B6EBA6122239DA400001F5BF /* MagicStrings.swift in Sources */ = {isa = PBXBuildFile; fileRef = B6EBA6112239DA400001F5BF /* MagicStrings.swift */; };
		CE178FBA2242B2D800C3EEB3 /* Extensions.swift in Sources */ = {isa = PBXBuildFile; fileRef = CE178FB92242B2D800C3EEB3 /* Extensions.swift */; };
		CE178FBC2242E68000C3EEB3 /* DishDetailViewController.swift in Sources */ = {isa = PBXBuildFile; fileRef = CE178FBB2242E68000C3EEB3 /* DishDetailViewController.swift */; };
		CE178FBE2242E73500C3EEB3 /* DishTableViewCell.swift in Sources */ = {isa = PBXBuildFile; fileRef = CE178FBD2242E73500C3EEB3 /* DishTableViewCell.swift */; };
		CE57AD2822402B1200712975 /* FoodTrackerController.swift in Sources */ = {isa = PBXBuildFile; fileRef = CE57AD2722402B1200712975 /* FoodTrackerController.swift */; };
		CE57AD2A22402B2800712975 /* FoodTracker.swift in Sources */ = {isa = PBXBuildFile; fileRef = CE57AD2922402B2800712975 /* FoodTracker.swift */; };
		CE60FC60224038390029386F /* DishController.swift in Sources */ = {isa = PBXBuildFile; fileRef = CE60FC5F224038390029386F /* DishController.swift */; };
		CE60FC6222403B260029386F /* FoodTrackerViewController.swift in Sources */ = {isa = PBXBuildFile; fileRef = CE60FC6122403B260029386F /* FoodTrackerViewController.swift */; };
		CE60FC6422416E180029386F /* FoodTrackerCell.swift in Sources */ = {isa = PBXBuildFile; fileRef = CE60FC6322416E180029386F /* FoodTrackerCell.swift */; };
		CEB299AF223C08D30089DA63 /* Food.swift in Sources */ = {isa = PBXBuildFile; fileRef = CEB299AE223C08D30089DA63 /* Food.swift */; };
		CEB299B1223C09250089DA63 /* Nutrients.swift in Sources */ = {isa = PBXBuildFile; fileRef = CEB299B0223C09250089DA63 /* Nutrients.swift */; };
		CEB299B3223C09740089DA63 /* Dish.swift in Sources */ = {isa = PBXBuildFile; fileRef = CEB299B2223C09740089DA63 /* Dish.swift */; };
		CEB299B5223C0AAB0089DA63 /* FoodController.swift in Sources */ = {isa = PBXBuildFile; fileRef = CEB299B4223C0AAB0089DA63 /* FoodController.swift */; };
		CEB299B7223C0B240089DA63 /* NutrientsController.swift in Sources */ = {isa = PBXBuildFile; fileRef = CEB299B6223C0B240089DA63 /* NutrientsController.swift */; };
		CEB299B9223C0CD20089DA63 /* FoodTableViewCell.swift in Sources */ = {isa = PBXBuildFile; fileRef = CEB299B8223C0CD20089DA63 /* FoodTableViewCell.swift */; };
/* End PBXBuildFile section */

/* Begin PBXFileReference section */
		62D067A02236D1C400D5410B /* SignUpViewController.swift */ = {isa = PBXFileReference; lastKnownFileType = sourcecode.swift; path = SignUpViewController.swift; sourceTree = "<group>"; };
		62D067A42236D1FB00D5410B /* HealthKitAccessViewController.swift */ = {isa = PBXFileReference; lastKnownFileType = sourcecode.swift; path = HealthKitAccessViewController.swift; sourceTree = "<group>"; };
		62D067A62236D22000D5410B /* StartDateViewController.swift */ = {isa = PBXFileReference; lastKnownFileType = sourcecode.swift; path = StartDateViewController.swift; sourceTree = "<group>"; };
		62D067A82236D23800D5410B /* WeeklyGoalsViewController.swift */ = {isa = PBXFileReference; lastKnownFileType = sourcecode.swift; path = WeeklyGoalsViewController.swift; sourceTree = "<group>"; };
		62D067AA2236D24A00D5410B /* MonthlyGoalsViewController.swift */ = {isa = PBXFileReference; lastKnownFileType = sourcecode.swift; path = MonthlyGoalsViewController.swift; sourceTree = "<group>"; };
		62D067AC2236D25F00D5410B /* ShareViewController.swift */ = {isa = PBXFileReference; lastKnownFileType = sourcecode.swift; path = ShareViewController.swift; sourceTree = "<group>"; };
		62D067AE2236D90900D5410B /* SignUpParentViewController.swift */ = {isa = PBXFileReference; lastKnownFileType = sourcecode.swift; path = SignUpParentViewController.swift; sourceTree = "<group>"; };
		62D067B02236DBDF00D5410B /* OnboardingViewController.swift */ = {isa = PBXFileReference; lastKnownFileType = sourcecode.swift; path = OnboardingViewController.swift; sourceTree = "<group>"; };
		62D067B22236FD4800D5410B /* NewChallengeParentViewController.swift */ = {isa = PBXFileReference; lastKnownFileType = sourcecode.swift; path = NewChallengeParentViewController.swift; sourceTree = "<group>"; };
		62D067B62236FDCB00D5410B /* ChallengeOnboardingViewController.swift */ = {isa = PBXFileReference; lastKnownFileType = sourcecode.swift; path = ChallengeOnboardingViewController.swift; sourceTree = "<group>"; };
		62D067BC2237182300D5410B /* User.swift */ = {isa = PBXFileReference; lastKnownFileType = sourcecode.swift; path = User.swift; sourceTree = "<group>"; };
		62D067BF223718BD00D5410B /* User+MagicSrings.swift */ = {isa = PBXFileReference; lastKnownFileType = sourcecode.swift; path = "User+MagicSrings.swift"; sourceTree = "<group>"; };
		62D067C2223718F600D5410B /* UserController.swift */ = {isa = PBXFileReference; lastKnownFileType = sourcecode.swift; path = UserController.swift; sourceTree = "<group>"; };
		62D067C7223719A700D5410B /* CloudKitController.swift */ = {isa = PBXFileReference; lastKnownFileType = sourcecode.swift; path = CloudKitController.swift; sourceTree = "<group>"; };
		62D067CB2238220700D5410B /* PhotoSelectorViewController.swift */ = {isa = PBXFileReference; lastKnownFileType = sourcecode.swift; path = PhotoSelectorViewController.swift; sourceTree = "<group>"; };
		62D067CD2238302800D5410B /* CalendarController.swift */ = {isa = PBXFileReference; lastKnownFileType = sourcecode.swift; path = CalendarController.swift; sourceTree = "<group>"; };
		62D067D22238474700D5410B /* DateCollectionViewCell.swift */ = {isa = PBXFileReference; lastKnownFileType = sourcecode.swift; path = DateCollectionViewCell.swift; sourceTree = "<group>"; };
		62D067D52238911200D5410B /* Base */ = {isa = PBXFileReference; lastKnownFileType = file.storyboard; name = Base; path = HealthChallenge/View/Base.lproj/SignUp.storyboard; sourceTree = "<group>"; };
		62D067D72238914400D5410B /* HealthKitAccess.storyboard */ = {isa = PBXFileReference; fileEncoding = 4; lastKnownFileType = file.storyboard; path = HealthKitAccess.storyboard; sourceTree = "<group>"; };
		62D067E12238921B00D5410B /* Base */ = {isa = PBXFileReference; lastKnownFileType = file.storyboard; name = Base; path = HealthChallenge/View/Base.lproj/StartDate.storyboard; sourceTree = "<group>"; };
		62D067E42238924E00D5410B /* Base */ = {isa = PBXFileReference; lastKnownFileType = file.storyboard; name = Base; path = HealthChallenge/View/Base.lproj/WeeklyGoals.storyboard; sourceTree = "<group>"; };
		62D067E62238928700D5410B /* MonthlyGoals.storyboard */ = {isa = PBXFileReference; fileEncoding = 4; lastKnownFileType = file.storyboard; path = MonthlyGoals.storyboard; sourceTree = "<group>"; };
		62D067E9223892A400D5410B /* Base */ = {isa = PBXFileReference; lastKnownFileType = file.storyboard; name = Base; path = HealthChallenge/View/Base.lproj/InviteOthers.storyboard; sourceTree = "<group>"; };
		62D067EB2238943B00D5410B /* FoodTab.storyboard */ = {isa = PBXFileReference; fileEncoding = 4; lastKnownFileType = file.storyboard; path = FoodTab.storyboard; sourceTree = "<group>"; };
		62D067EF2238947F00D5410B /* Base */ = {isa = PBXFileReference; lastKnownFileType = file.storyboard; name = Base; path = HealthChallenge/View/Base.lproj/WorkoutTab.storyboard; sourceTree = "<group>"; };
		62D067F1223894A100D5410B /* GoalsTab.storyboard */ = {isa = PBXFileReference; fileEncoding = 4; lastKnownFileType = file.storyboard; path = GoalsTab.storyboard; sourceTree = "<group>"; };
		62D067F4223894D500D5410B /* Base */ = {isa = PBXFileReference; lastKnownFileType = file.storyboard; name = Base; path = HealthChallenge/View/Base.lproj/LeaderboardTab.storyboard; sourceTree = "<group>"; };
		62D067FC22397F3600D5410B /* HealthKitController.swift */ = {isa = PBXFileReference; lastKnownFileType = sourcecode.swift; path = HealthKitController.swift; sourceTree = "<group>"; };
		62D067FE223AB68100D5410B /* DishCreatorViewController.swift */ = {isa = PBXFileReference; lastKnownFileType = sourcecode.swift; path = DishCreatorViewController.swift; sourceTree = "<group>"; };
		62D06800223AB68E00D5410B /* WorkoutViewController.swift */ = {isa = PBXFileReference; lastKnownFileType = sourcecode.swift; path = WorkoutViewController.swift; sourceTree = "<group>"; };
		62D06802223AB69900D5410B /* GoalsViewController.swift */ = {isa = PBXFileReference; lastKnownFileType = sourcecode.swift; path = GoalsViewController.swift; sourceTree = "<group>"; };
		62D06804223AB6A900D5410B /* LeaderboardViewController.swift */ = {isa = PBXFileReference; lastKnownFileType = sourcecode.swift; path = LeaderboardViewController.swift; sourceTree = "<group>"; };
		62D06807223AC65A00D5410B /* AddWorkoutsViewController.swift */ = {isa = PBXFileReference; lastKnownFileType = sourcecode.swift; path = AddWorkoutsViewController.swift; sourceTree = "<group>"; };
		62FE5A17223E94A3009240C6 /* ColorController.swift */ = {isa = PBXFileReference; lastKnownFileType = sourcecode.swift; path = ColorController.swift; sourceTree = "<group>"; };
		62FE5A1F223EAAF1009240C6 /* ostrich-regular.ttf */ = {isa = PBXFileReference; lastKnownFileType = file; path = "ostrich-regular.ttf"; sourceTree = "<group>"; };
		62FE5A2A223EBE76009240C6 /* Settings.storyboard */ = {isa = PBXFileReference; lastKnownFileType = file.storyboard; path = Settings.storyboard; sourceTree = "<group>"; };
		62FE5A30223EC3F0009240C6 /* SettingsTableViewController.swift */ = {isa = PBXFileReference; lastKnownFileType = sourcecode.swift; path = SettingsTableViewController.swift; sourceTree = "<group>"; };
		62FE5A32223FE450009240C6 /* SettingsPopupViewController.swift */ = {isa = PBXFileReference; lastKnownFileType = sourcecode.swift; path = SettingsPopupViewController.swift; sourceTree = "<group>"; };
		62FE5A6422429C11009240C6 /* WorkoutDetailViewController.swift */ = {isa = PBXFileReference; lastKnownFileType = sourcecode.swift; path = WorkoutDetailViewController.swift; sourceTree = "<group>"; };
		62FE5A662242BA67009240C6 /* Workout.swift */ = {isa = PBXFileReference; lastKnownFileType = sourcecode.swift; path = Workout.swift; sourceTree = "<group>"; };
		62FE5A682242BC7E009240C6 /* Workout+MagicStrings.swift */ = {isa = PBXFileReference; lastKnownFileType = sourcecode.swift; path = "Workout+MagicStrings.swift"; sourceTree = "<group>"; };
		62FE5A6A2242C80E009240C6 /* WorkoutController.swift */ = {isa = PBXFileReference; lastKnownFileType = sourcecode.swift; path = WorkoutController.swift; sourceTree = "<group>"; };
		62FE5A6C2244193C009240C6 /* WorkoutDetailTableViewCell.swift */ = {isa = PBXFileReference; lastKnownFileType = sourcecode.swift; path = WorkoutDetailTableViewCell.swift; sourceTree = "<group>"; };
		B6BD36862243EB2000E66A7F /* AppStates.swift */ = {isa = PBXFileReference; lastKnownFileType = sourcecode.swift; path = AppStates.swift; sourceTree = "<group>"; };
		B6BD368A224440DA00E66A7F /* UIViewController+Extension.swift */ = {isa = PBXFileReference; lastKnownFileType = sourcecode.swift; path = "UIViewController+Extension.swift"; sourceTree = "<group>"; };
		B6E210612240500100642274 /* InitialViewController.swift */ = {isa = PBXFileReference; lastKnownFileType = sourcecode.swift; path = InitialViewController.swift; sourceTree = "<group>"; };
		B6E332B82236B8650088D6FF /* HealthChallenge.app */ = {isa = PBXFileReference; explicitFileType = wrapper.application; includeInIndex = 0; path = HealthChallenge.app; sourceTree = BUILT_PRODUCTS_DIR; };
		B6E332BB2236B8650088D6FF /* AppDelegate.swift */ = {isa = PBXFileReference; lastKnownFileType = sourcecode.swift; path = AppDelegate.swift; sourceTree = "<group>"; };
		B6E332C02236B8650088D6FF /* Base */ = {isa = PBXFileReference; lastKnownFileType = file.storyboard; name = Base; path = Base.lproj/Main.storyboard; sourceTree = "<group>"; };
		B6E332C22236B8680088D6FF /* Assets.xcassets */ = {isa = PBXFileReference; lastKnownFileType = folder.assetcatalog; path = Assets.xcassets; sourceTree = "<group>"; };
		B6E332C52236B8680088D6FF /* Base */ = {isa = PBXFileReference; lastKnownFileType = file.storyboard; name = Base; path = Base.lproj/LaunchScreen.storyboard; sourceTree = "<group>"; };
		B6E332C72236B8680088D6FF /* Info.plist */ = {isa = PBXFileReference; lastKnownFileType = text.plist.xml; path = Info.plist; sourceTree = "<group>"; };
		B6EBA5FB22380F970001F5BF /* Challenge.swift */ = {isa = PBXFileReference; lastKnownFileType = sourcecode.swift; path = Challenge.swift; sourceTree = "<group>"; };
		B6EBA5FD22380FE10001F5BF /* Goal.swift */ = {isa = PBXFileReference; lastKnownFileType = sourcecode.swift; path = Goal.swift; sourceTree = "<group>"; };
		B6EBA601223812550001F5BF /* Challenge+MagicStrings.swift */ = {isa = PBXFileReference; lastKnownFileType = sourcecode.swift; path = "Challenge+MagicStrings.swift"; sourceTree = "<group>"; };
		B6EBA603223812810001F5BF /* Goal+MagicStreaks.swift */ = {isa = PBXFileReference; lastKnownFileType = sourcecode.swift; path = "Goal+MagicStreaks.swift"; sourceTree = "<group>"; };
		B6EBA607223822810001F5BF /* GoalController.swift */ = {isa = PBXFileReference; lastKnownFileType = sourcecode.swift; path = GoalController.swift; sourceTree = "<group>"; };
		B6EBA60922384F6E0001F5BF /* ChallengeController.swift */ = {isa = PBXFileReference; lastKnownFileType = sourcecode.swift; path = ChallengeController.swift; sourceTree = "<group>"; };
		B6EBA60B22386CCE0001F5BF /* HealthChallenge.entitlements */ = {isa = PBXFileReference; lastKnownFileType = text.plist.entitlements; path = HealthChallenge.entitlements; sourceTree = "<group>"; };
		B6EBA60D22386CD30001F5BF /* CloudKit.framework */ = {isa = PBXFileReference; lastKnownFileType = wrapper.framework; name = CloudKit.framework; path = System/Library/Frameworks/CloudKit.framework; sourceTree = SDKROOT; };
		B6EBA60F22396D730001F5BF /* HealthKit.framework */ = {isa = PBXFileReference; lastKnownFileType = wrapper.framework; name = HealthKit.framework; path = System/Library/Frameworks/HealthKit.framework; sourceTree = SDKROOT; };
		B6EBA6112239DA400001F5BF /* MagicStrings.swift */ = {isa = PBXFileReference; lastKnownFileType = sourcecode.swift; path = MagicStrings.swift; sourceTree = "<group>"; };
		CE178FB92242B2D800C3EEB3 /* Extensions.swift */ = {isa = PBXFileReference; lastKnownFileType = sourcecode.swift; path = Extensions.swift; sourceTree = "<group>"; };
		CE178FBB2242E68000C3EEB3 /* DishDetailViewController.swift */ = {isa = PBXFileReference; lastKnownFileType = sourcecode.swift; path = DishDetailViewController.swift; sourceTree = "<group>"; };
		CE178FBD2242E73500C3EEB3 /* DishTableViewCell.swift */ = {isa = PBXFileReference; lastKnownFileType = sourcecode.swift; path = DishTableViewCell.swift; sourceTree = "<group>"; };
		CE57AD2722402B1200712975 /* FoodTrackerController.swift */ = {isa = PBXFileReference; lastKnownFileType = sourcecode.swift; path = FoodTrackerController.swift; sourceTree = "<group>"; };
		CE57AD2922402B2800712975 /* FoodTracker.swift */ = {isa = PBXFileReference; lastKnownFileType = sourcecode.swift; path = FoodTracker.swift; sourceTree = "<group>"; };
		CE60FC5F224038390029386F /* DishController.swift */ = {isa = PBXFileReference; lastKnownFileType = sourcecode.swift; path = DishController.swift; sourceTree = "<group>"; };
		CE60FC6122403B260029386F /* FoodTrackerViewController.swift */ = {isa = PBXFileReference; lastKnownFileType = sourcecode.swift; path = FoodTrackerViewController.swift; sourceTree = "<group>"; };
		CE60FC6322416E180029386F /* FoodTrackerCell.swift */ = {isa = PBXFileReference; lastKnownFileType = sourcecode.swift; path = FoodTrackerCell.swift; sourceTree = "<group>"; };
		CEB299AE223C08D30089DA63 /* Food.swift */ = {isa = PBXFileReference; lastKnownFileType = sourcecode.swift; path = Food.swift; sourceTree = "<group>"; };
		CEB299B0223C09250089DA63 /* Nutrients.swift */ = {isa = PBXFileReference; lastKnownFileType = sourcecode.swift; path = Nutrients.swift; sourceTree = "<group>"; };
		CEB299B2223C09740089DA63 /* Dish.swift */ = {isa = PBXFileReference; lastKnownFileType = sourcecode.swift; path = Dish.swift; sourceTree = "<group>"; };
		CEB299B4223C0AAB0089DA63 /* FoodController.swift */ = {isa = PBXFileReference; lastKnownFileType = sourcecode.swift; path = FoodController.swift; sourceTree = "<group>"; };
		CEB299B6223C0B240089DA63 /* NutrientsController.swift */ = {isa = PBXFileReference; lastKnownFileType = sourcecode.swift; path = NutrientsController.swift; sourceTree = "<group>"; };
		CEB299B8223C0CD20089DA63 /* FoodTableViewCell.swift */ = {isa = PBXFileReference; lastKnownFileType = sourcecode.swift; path = FoodTableViewCell.swift; sourceTree = "<group>"; };
/* End PBXFileReference section */

/* Begin PBXFrameworksBuildPhase section */
		B6E332B52236B8650088D6FF /* Frameworks */ = {
			isa = PBXFrameworksBuildPhase;
			buildActionMask = 2147483647;
			files = (
				B6EBA60E22386CD30001F5BF /* CloudKit.framework in Frameworks */,
				B6EBA61022396D730001F5BF /* HealthKit.framework in Frameworks */,
			);
			runOnlyForDeploymentPostprocessing = 0;
		};
/* End PBXFrameworksBuildPhase section */

/* Begin PBXGroup section */
		62D067A22236D1CC00D5410B /* ViewControllers */ = {
			isa = PBXGroup;
			children = (
				62D067B42236FD6200D5410B /* SignUp */,
				62D067B52236FD9F00D5410B /* NewChallenge */,
				62D06806223AB6B200D5410B /* ActiveChallege */,
				62FE5A2F223EC1CC009240C6 /* Settings */,
				B6E210612240500100642274 /* InitialViewController.swift */,
				B6BD368A224440DA00E66A7F /* UIViewController+Extension.swift */,
			);
			path = ViewControllers;
			sourceTree = "<group>";
		};
		62D067A32236D1D700D5410B /* Controllers */ = {
			isa = PBXGroup;
			children = (
				62FE5A17223E94A3009240C6 /* ColorController.swift */,
				62D067FC22397F3600D5410B /* HealthKitController.swift */,
				62D067C7223719A700D5410B /* CloudKitController.swift */,
				62D067CF223836CA00D5410B /* CallendarControlls */,
				62D067C4223718FB00D5410B /* ModelControllers */,
				62D067A22236D1CC00D5410B /* ViewControllers */,
			);
			path = Controllers;
			sourceTree = "<group>";
		};
		62D067B42236FD6200D5410B /* SignUp */ = {
			isa = PBXGroup;
			children = (
				62D067AE2236D90900D5410B /* SignUpParentViewController.swift */,
				62D067B02236DBDF00D5410B /* OnboardingViewController.swift */,
				62D067A02236D1C400D5410B /* SignUpViewController.swift */,
				62D067A42236D1FB00D5410B /* HealthKitAccessViewController.swift */,
				62D067CB2238220700D5410B /* PhotoSelectorViewController.swift */,
			);
			path = SignUp;
			sourceTree = "<group>";
		};
		62D067B52236FD9F00D5410B /* NewChallenge */ = {
			isa = PBXGroup;
			children = (
				62D067B22236FD4800D5410B /* NewChallengeParentViewController.swift */,
				62D067B62236FDCB00D5410B /* ChallengeOnboardingViewController.swift */,
				62D067A62236D22000D5410B /* StartDateViewController.swift */,
				62D067A82236D23800D5410B /* WeeklyGoalsViewController.swift */,
				62D067AA2236D24A00D5410B /* MonthlyGoalsViewController.swift */,
				62D067AC2236D25F00D5410B /* ShareViewController.swift */,
			);
			path = NewChallenge;
			sourceTree = "<group>";
		};
		62D067BE2237182900D5410B /* Model */ = {
			isa = PBXGroup;
			children = (
				CEB299B2223C09740089DA63 /* Dish.swift */,
				CE57AD2922402B2800712975 /* FoodTracker.swift */,
				CEB299B0223C09250089DA63 /* Nutrients.swift */,
				CEB299AE223C08D30089DA63 /* Food.swift */,
				62D067BC2237182300D5410B /* User.swift */,
				B6EBA5FB22380F970001F5BF /* Challenge.swift */,
				B6EBA5FD22380FE10001F5BF /* Goal.swift */,
				62FE5A662242BA67009240C6 /* Workout.swift */,
				62D067C1223718D400D5410B /* MagicStrings */,
			);
			path = Model;
			sourceTree = "<group>";
		};
		62D067C1223718D400D5410B /* MagicStrings */ = {
			isa = PBXGroup;
			children = (
				62D067BF223718BD00D5410B /* User+MagicSrings.swift */,
				B6EBA601223812550001F5BF /* Challenge+MagicStrings.swift */,
				B6EBA603223812810001F5BF /* Goal+MagicStreaks.swift */,
				62FE5A682242BC7E009240C6 /* Workout+MagicStrings.swift */,
			);
			path = MagicStrings;
			sourceTree = "<group>";
		};
		62D067C4223718FB00D5410B /* ModelControllers */ = {
			isa = PBXGroup;
			children = (
				62D067C2223718F600D5410B /* UserController.swift */,
				CE60FC5F224038390029386F /* DishController.swift */,
				B6EBA607223822810001F5BF /* GoalController.swift */,
				B6EBA60922384F6E0001F5BF /* ChallengeController.swift */,
				CEB299B4223C0AAB0089DA63 /* FoodController.swift */,
				CEB299B6223C0B240089DA63 /* NutrientsController.swift */,
				CE57AD2722402B1200712975 /* FoodTrackerController.swift */,
				62FE5A6A2242C80E009240C6 /* WorkoutController.swift */,
			);
			path = ModelControllers;
			sourceTree = "<group>";
		};
		62D067CF223836CA00D5410B /* CallendarControlls */ = {
			isa = PBXGroup;
			children = (
				62D067CD2238302800D5410B /* CalendarController.swift */,
				62D067D22238474700D5410B /* DateCollectionViewCell.swift */,
			);
			path = CallendarControlls;
			sourceTree = "<group>";
		};
		62D067DC2238918500D5410B /* Onboarding */ = {
			isa = PBXGroup;
			children = (
				62D067D72238914400D5410B /* HealthKitAccess.storyboard */,
				62D067D42238911200D5410B /* SignUp.storyboard */,
			);
			path = Onboarding;
			sourceTree = "<group>";
		};
		62D067DF223891FF00D5410B /* NewChallenge */ = {
			isa = PBXGroup;
			children = (
				62D067E02238921B00D5410B /* StartDate.storyboard */,
				62D067E32238924E00D5410B /* WeeklyGoals.storyboard */,
				62D067E62238928700D5410B /* MonthlyGoals.storyboard */,
				62D067E8223892A400D5410B /* InviteOthers.storyboard */,
			);
			path = NewChallenge;
			sourceTree = "<group>";
		};
		62D067ED2238944700D5410B /* TabBarViews */ = {
			isa = PBXGroup;
			children = (
				62D067EB2238943B00D5410B /* FoodTab.storyboard */,
				62D067EE2238947F00D5410B /* WorkoutTab.storyboard */,
				62D067F1223894A100D5410B /* GoalsTab.storyboard */,
				62D067F3223894D500D5410B /* LeaderboardTab.storyboard */,
				CEB299B8223C0CD20089DA63 /* FoodTableViewCell.swift */,
				CE60FC6322416E180029386F /* FoodTrackerCell.swift */,
				62FE5A6C2244193C009240C6 /* WorkoutDetailTableViewCell.swift */,
				CE178FBD2242E73500C3EEB3 /* DishTableViewCell.swift */,
			);
			path = TabBarViews;
			sourceTree = "<group>";
		};
		62D06806223AB6B200D5410B /* ActiveChallege */ = {
			isa = PBXGroup;
			children = (
				62D067FE223AB68100D5410B /* DishCreatorViewController.swift */,
				CE60FC6122403B260029386F /* FoodTrackerViewController.swift */,
				CE178FBB2242E68000C3EEB3 /* DishDetailViewController.swift */,
				62D06800223AB68E00D5410B /* WorkoutViewController.swift */,
				62D06807223AC65A00D5410B /* AddWorkoutsViewController.swift */,
				62FE5A6422429C11009240C6 /* WorkoutDetailViewController.swift */,
				62D06802223AB69900D5410B /* GoalsViewController.swift */,
				62D06804223AB6A900D5410B /* LeaderboardViewController.swift */,
			);
			path = ActiveChallege;
			sourceTree = "<group>";
		};
		62FE5A21223EAB5F009240C6 /* Fonts */ = {
			isa = PBXGroup;
			children = (
				62FE5A1F223EAAF1009240C6 /* ostrich-regular.ttf */,
			);
			path = Fonts;
			sourceTree = "<group>";
		};
		62FE5A2C223EBE7F009240C6 /* Settings */ = {
			isa = PBXGroup;
			children = (
				62FE5A2A223EBE76009240C6 /* Settings.storyboard */,
			);
			path = Settings;
			sourceTree = "<group>";
		};
		62FE5A2F223EC1CC009240C6 /* Settings */ = {
			isa = PBXGroup;
			children = (
				62FE5A30223EC3F0009240C6 /* SettingsTableViewController.swift */,
				62FE5A32223FE450009240C6 /* SettingsPopupViewController.swift */,
			);
			path = Settings;
			sourceTree = "<group>";
		};
		B6E332AF2236B8650088D6FF = {
			isa = PBXGroup;
			children = (
				B6E332BA2236B8650088D6FF /* HealthChallenge */,
				B6E332B92236B8650088D6FF /* Products */,
				B6EBA60C22386CD30001F5BF /* Frameworks */,
			);
			sourceTree = "<group>";
		};
		B6E332B92236B8650088D6FF /* Products */ = {
			isa = PBXGroup;
			children = (
				B6E332B82236B8650088D6FF /* HealthChallenge.app */,
			);
			name = Products;
			sourceTree = "<group>";
		};
		B6E332BA2236B8650088D6FF /* HealthChallenge */ = {
			isa = PBXGroup;
			children = (
				CE178FB92242B2D800C3EEB3 /* Extensions.swift */,
				B6EBA60B22386CCE0001F5BF /* HealthChallenge.entitlements */,
				62D067BE2237182900D5410B /* Model */,
				62D067A32236D1D700D5410B /* Controllers */,
				B6E332CE2236B8910088D6FF /* View */,
				B6E332BB2236B8650088D6FF /* AppDelegate.swift */,
				B6EBA6112239DA400001F5BF /* MagicStrings.swift */,
				B6E332CD2236B87E0088D6FF /* Resources */,
				B6BD36862243EB2000E66A7F /* AppStates.swift */,
			);
			path = HealthChallenge;
			sourceTree = "<group>";
		};
		B6E332CD2236B87E0088D6FF /* Resources */ = {
			isa = PBXGroup;
			children = (
				62FE5A21223EAB5F009240C6 /* Fonts */,
				B6E332C22236B8680088D6FF /* Assets.xcassets */,
				B6E332C42236B8680088D6FF /* LaunchScreen.storyboard */,
				B6E332C72236B8680088D6FF /* Info.plist */,
			);
			path = Resources;
			sourceTree = "<group>";
		};
		B6E332CE2236B8910088D6FF /* View */ = {
			isa = PBXGroup;
			children = (
				B6E332BF2236B8650088D6FF /* Main.storyboard */,
				62D067ED2238944700D5410B /* TabBarViews */,
				62D067DF223891FF00D5410B /* NewChallenge */,
				62D067DC2238918500D5410B /* Onboarding */,
				62FE5A2C223EBE7F009240C6 /* Settings */,
			);
			path = View;
			sourceTree = "<group>";
		};
		B6EBA60C22386CD30001F5BF /* Frameworks */ = {
			isa = PBXGroup;
			children = (
				B6EBA60F22396D730001F5BF /* HealthKit.framework */,
				B6EBA60D22386CD30001F5BF /* CloudKit.framework */,
			);
			name = Frameworks;
			sourceTree = "<group>";
		};
/* End PBXGroup section */

/* Begin PBXNativeTarget section */
		B6E332B72236B8650088D6FF /* HealthChallenge */ = {
			isa = PBXNativeTarget;
			buildConfigurationList = B6E332CA2236B8680088D6FF /* Build configuration list for PBXNativeTarget "HealthChallenge" */;
			buildPhases = (
				B6E332B42236B8650088D6FF /* Sources */,
				B6E332B52236B8650088D6FF /* Frameworks */,
				B6E332B62236B8650088D6FF /* Resources */,
			);
			buildRules = (
			);
			dependencies = (
			);
			name = HealthChallenge;
			productName = HealthChallenge;
			productReference = B6E332B82236B8650088D6FF /* HealthChallenge.app */;
			productType = "com.apple.product-type.application";
		};
/* End PBXNativeTarget section */

/* Begin PBXProject section */
		B6E332B02236B8650088D6FF /* Project object */ = {
			isa = PBXProject;
			attributes = {
				LastSwiftUpdateCheck = 1010;
				LastUpgradeCheck = 1010;
				ORGANIZATIONNAME = "Dominic Lanzillotta";
				TargetAttributes = {
					B6E332B72236B8650088D6FF = {
						CreatedOnToolsVersion = 10.1;
						SystemCapabilities = {
							com.apple.HealthKit = {
								enabled = 1;
							};
							com.apple.Push = {
								enabled = 1;
							};
							com.apple.iCloud = {
								enabled = 1;
							};
						};
					};
				};
			};
			buildConfigurationList = B6E332B32236B8650088D6FF /* Build configuration list for PBXProject "HealthChallenge" */;
			compatibilityVersion = "Xcode 9.3";
			developmentRegion = en;
			hasScannedForEncodings = 0;
			knownRegions = (
				en,
				Base,
			);
			mainGroup = B6E332AF2236B8650088D6FF;
			productRefGroup = B6E332B92236B8650088D6FF /* Products */;
			projectDirPath = "";
			projectRoot = "";
			targets = (
				B6E332B72236B8650088D6FF /* HealthChallenge */,
			);
		};
/* End PBXProject section */

/* Begin PBXResourcesBuildPhase section */
		B6E332B62236B8650088D6FF /* Resources */ = {
			isa = PBXResourcesBuildPhase;
			buildActionMask = 2147483647;
			files = (
				62FE5A2B223EBE76009240C6 /* Settings.storyboard in Resources */,
				62D067D82238914400D5410B /* HealthKitAccess.storyboard in Resources */,
				B6E332C62236B8680088D6FF /* LaunchScreen.storyboard in Resources */,
				B6E332C32236B8680088D6FF /* Assets.xcassets in Resources */,
				62D067D62238911200D5410B /* SignUp.storyboard in Resources */,
				62D067F02238947F00D5410B /* WorkoutTab.storyboard in Resources */,
				62FE5A20223EAAFC009240C6 /* ostrich-regular.ttf in Resources */,
				B6E332C12236B8650088D6FF /* Main.storyboard in Resources */,
				62D067E52238924E00D5410B /* WeeklyGoals.storyboard in Resources */,
				62D067F5223894D500D5410B /* LeaderboardTab.storyboard in Resources */,
				62D067F2223894A100D5410B /* GoalsTab.storyboard in Resources */,
				62D067EC2238943B00D5410B /* FoodTab.storyboard in Resources */,
				62D067EA223892A400D5410B /* InviteOthers.storyboard in Resources */,
				62D067E22238921B00D5410B /* StartDate.storyboard in Resources */,
				62D067E72238928700D5410B /* MonthlyGoals.storyboard in Resources */,
			);
			runOnlyForDeploymentPostprocessing = 0;
		};
/* End PBXResourcesBuildPhase section */

/* Begin PBXSourcesBuildPhase section */
		B6E332B42236B8650088D6FF /* Sources */ = {
			isa = PBXSourcesBuildPhase;
			buildActionMask = 2147483647;
			files = (
				CE178FBE2242E73500C3EEB3 /* DishTableViewCell.swift in Sources */,
				62D067B12236DBDF00D5410B /* OnboardingViewController.swift in Sources */,
				CEB299B3223C09740089DA63 /* Dish.swift in Sources */,
				CEB299B5223C0AAB0089DA63 /* FoodController.swift in Sources */,
				B6EBA604223812810001F5BF /* Goal+MagicStreaks.swift in Sources */,
				B6EBA5FE22380FE10001F5BF /* Goal.swift in Sources */,
				62D067B32236FD4800D5410B /* NewChallengeParentViewController.swift in Sources */,
				CEB299B1223C09250089DA63 /* Nutrients.swift in Sources */,
				B6BD368B224440DA00E66A7F /* UIViewController+Extension.swift in Sources */,
				62FE5A692242BC7E009240C6 /* Workout+MagicStrings.swift in Sources */,
				62D067AB2236D24A00D5410B /* MonthlyGoalsViewController.swift in Sources */,
				CEB299B7223C0B240089DA63 /* NutrientsController.swift in Sources */,
				62D067A92236D23800D5410B /* WeeklyGoalsViewController.swift in Sources */,
				62D067FD22397F3600D5410B /* HealthKitController.swift in Sources */,
				62D067C3223718F600D5410B /* UserController.swift in Sources */,
				B6EBA60A22384F6E0001F5BF /* ChallengeController.swift in Sources */,
				CE60FC6222403B260029386F /* FoodTrackerViewController.swift in Sources */,
				CE60FC6422416E180029386F /* FoodTrackerCell.swift in Sources */,
				62D067A12236D1C400D5410B /* SignUpViewController.swift in Sources */,
				62FE5A31223EC3F0009240C6 /* SettingsTableViewController.swift in Sources */,
				62FE5A6D2244193C009240C6 /* WorkoutDetailTableViewCell.swift in Sources */,
				62D067B72236FDCB00D5410B /* ChallengeOnboardingViewController.swift in Sources */,
				CE57AD2A22402B2800712975 /* FoodTracker.swift in Sources */,
				62FE5A33223FE450009240C6 /* SettingsPopupViewController.swift in Sources */,
				62D067C8223719A700D5410B /* CloudKitController.swift in Sources */,
				B6EBA608223822810001F5BF /* GoalController.swift in Sources */,
				CEB299AF223C08D30089DA63 /* Food.swift in Sources */,
				62D067C0223718BD00D5410B /* User+MagicSrings.swift in Sources */,
				62D067A52236D1FB00D5410B /* HealthKitAccessViewController.swift in Sources */,
				B6EBA6122239DA400001F5BF /* MagicStrings.swift in Sources */,
				CE178FBC2242E68000C3EEB3 /* DishDetailViewController.swift in Sources */,
				62FE5A18223E94A3009240C6 /* ColorController.swift in Sources */,
				62D06801223AB68E00D5410B /* WorkoutViewController.swift in Sources */,
				62D067AD2236D25F00D5410B /* ShareViewController.swift in Sources */,
				62D067BD2237182300D5410B /* User.swift in Sources */,
				B6E332BC2236B8650088D6FF /* AppDelegate.swift in Sources */,
				62D067D32238474700D5410B /* DateCollectionViewCell.swift in Sources */,
				B6EBA5FC22380F970001F5BF /* Challenge.swift in Sources */,
				62D06808223AC65A00D5410B /* AddWorkoutsViewController.swift in Sources */,
				62D06805223AB6A900D5410B /* LeaderboardViewController.swift in Sources */,
				62FE5A672242BA67009240C6 /* Workout.swift in Sources */,
				B6EBA602223812550001F5BF /* Challenge+MagicStrings.swift in Sources */,
				62D067FF223AB68100D5410B /* DishCreatorViewController.swift in Sources */,
				62D067AF2236D90900D5410B /* SignUpParentViewController.swift in Sources */,
				62D06803223AB69900D5410B /* GoalsViewController.swift in Sources */,
				B6BD36872243EB2000E66A7F /* AppStates.swift in Sources */,
				62D067A72236D22000D5410B /* StartDateViewController.swift in Sources */,
				CEB299B9223C0CD20089DA63 /* FoodTableViewCell.swift in Sources */,
				62D067CC2238220700D5410B /* PhotoSelectorViewController.swift in Sources */,
				B6E210622240500200642274 /* InitialViewController.swift in Sources */,
				CE178FBA2242B2D800C3EEB3 /* Extensions.swift in Sources */,
				CE57AD2822402B1200712975 /* FoodTrackerController.swift in Sources */,
				CE60FC60224038390029386F /* DishController.swift in Sources */,
				62D067CE2238302800D5410B /* CalendarController.swift in Sources */,
				62FE5A6522429C11009240C6 /* WorkoutDetailViewController.swift in Sources */,
				62FE5A6B2242C80E009240C6 /* WorkoutController.swift in Sources */,
			);
			runOnlyForDeploymentPostprocessing = 0;
		};
/* End PBXSourcesBuildPhase section */

/* Begin PBXVariantGroup section */
		62D067D42238911200D5410B /* SignUp.storyboard */ = {
			isa = PBXVariantGroup;
			children = (
				62D067D52238911200D5410B /* Base */,
			);
			name = SignUp.storyboard;
			sourceTree = "<group>";
		};
		62D067E02238921B00D5410B /* StartDate.storyboard */ = {
			isa = PBXVariantGroup;
			children = (
				62D067E12238921B00D5410B /* Base */,
			);
			name = StartDate.storyboard;
			sourceTree = "<group>";
		};
		62D067E32238924E00D5410B /* WeeklyGoals.storyboard */ = {
			isa = PBXVariantGroup;
			children = (
				62D067E42238924E00D5410B /* Base */,
			);
			name = WeeklyGoals.storyboard;
			sourceTree = "<group>";
		};
		62D067E8223892A400D5410B /* InviteOthers.storyboard */ = {
			isa = PBXVariantGroup;
			children = (
				62D067E9223892A400D5410B /* Base */,
			);
			name = InviteOthers.storyboard;
			sourceTree = "<group>";
		};
		62D067EE2238947F00D5410B /* WorkoutTab.storyboard */ = {
			isa = PBXVariantGroup;
			children = (
				62D067EF2238947F00D5410B /* Base */,
			);
			name = WorkoutTab.storyboard;
			sourceTree = "<group>";
		};
		62D067F3223894D500D5410B /* LeaderboardTab.storyboard */ = {
			isa = PBXVariantGroup;
			children = (
				62D067F4223894D500D5410B /* Base */,
			);
			name = LeaderboardTab.storyboard;
			sourceTree = "<group>";
		};
		B6E332BF2236B8650088D6FF /* Main.storyboard */ = {
			isa = PBXVariantGroup;
			children = (
				B6E332C02236B8650088D6FF /* Base */,
			);
			name = Main.storyboard;
			sourceTree = "<group>";
		};
		B6E332C42236B8680088D6FF /* LaunchScreen.storyboard */ = {
			isa = PBXVariantGroup;
			children = (
				B6E332C52236B8680088D6FF /* Base */,
			);
			name = LaunchScreen.storyboard;
			sourceTree = "<group>";
		};
/* End PBXVariantGroup section */

/* Begin XCBuildConfiguration section */
		B6E332C82236B8680088D6FF /* Debug */ = {
			isa = XCBuildConfiguration;
			buildSettings = {
				ALWAYS_SEARCH_USER_PATHS = NO;
				CLANG_ANALYZER_NONNULL = YES;
				CLANG_ANALYZER_NUMBER_OBJECT_CONVERSION = YES_AGGRESSIVE;
				CLANG_CXX_LANGUAGE_STANDARD = "gnu++14";
				CLANG_CXX_LIBRARY = "libc++";
				CLANG_ENABLE_MODULES = YES;
				CLANG_ENABLE_OBJC_ARC = YES;
				CLANG_ENABLE_OBJC_WEAK = YES;
				CLANG_WARN_BLOCK_CAPTURE_AUTORELEASING = YES;
				CLANG_WARN_BOOL_CONVERSION = YES;
				CLANG_WARN_COMMA = YES;
				CLANG_WARN_CONSTANT_CONVERSION = YES;
				CLANG_WARN_DEPRECATED_OBJC_IMPLEMENTATIONS = YES;
				CLANG_WARN_DIRECT_OBJC_ISA_USAGE = YES_ERROR;
				CLANG_WARN_DOCUMENTATION_COMMENTS = YES;
				CLANG_WARN_EMPTY_BODY = YES;
				CLANG_WARN_ENUM_CONVERSION = YES;
				CLANG_WARN_INFINITE_RECURSION = YES;
				CLANG_WARN_INT_CONVERSION = YES;
				CLANG_WARN_NON_LITERAL_NULL_CONVERSION = YES;
				CLANG_WARN_OBJC_IMPLICIT_RETAIN_SELF = YES;
				CLANG_WARN_OBJC_LITERAL_CONVERSION = YES;
				CLANG_WARN_OBJC_ROOT_CLASS = YES_ERROR;
				CLANG_WARN_RANGE_LOOP_ANALYSIS = YES;
				CLANG_WARN_STRICT_PROTOTYPES = YES;
				CLANG_WARN_SUSPICIOUS_MOVE = YES;
				CLANG_WARN_UNGUARDED_AVAILABILITY = YES_AGGRESSIVE;
				CLANG_WARN_UNREACHABLE_CODE = YES;
				CLANG_WARN__DUPLICATE_METHOD_MATCH = YES;
				CODE_SIGN_IDENTITY = "iPhone Developer";
				COPY_PHASE_STRIP = NO;
				DEBUG_INFORMATION_FORMAT = dwarf;
				ENABLE_STRICT_OBJC_MSGSEND = YES;
				ENABLE_TESTABILITY = YES;
				GCC_C_LANGUAGE_STANDARD = gnu11;
				GCC_DYNAMIC_NO_PIC = NO;
				GCC_NO_COMMON_BLOCKS = YES;
				GCC_OPTIMIZATION_LEVEL = 0;
				GCC_PREPROCESSOR_DEFINITIONS = (
					"DEBUG=1",
					"$(inherited)",
				);
				GCC_WARN_64_TO_32_BIT_CONVERSION = YES;
				GCC_WARN_ABOUT_RETURN_TYPE = YES_ERROR;
				GCC_WARN_UNDECLARED_SELECTOR = YES;
				GCC_WARN_UNINITIALIZED_AUTOS = YES_AGGRESSIVE;
				GCC_WARN_UNUSED_FUNCTION = YES;
				GCC_WARN_UNUSED_VARIABLE = YES;
				IPHONEOS_DEPLOYMENT_TARGET = 12.1;
				MTL_ENABLE_DEBUG_INFO = INCLUDE_SOURCE;
				MTL_FAST_MATH = YES;
				ONLY_ACTIVE_ARCH = YES;
				SDKROOT = iphoneos;
				SWIFT_ACTIVE_COMPILATION_CONDITIONS = DEBUG;
				SWIFT_OPTIMIZATION_LEVEL = "-Onone";
			};
			name = Debug;
		};
		B6E332C92236B8680088D6FF /* Release */ = {
			isa = XCBuildConfiguration;
			buildSettings = {
				ALWAYS_SEARCH_USER_PATHS = NO;
				CLANG_ANALYZER_NONNULL = YES;
				CLANG_ANALYZER_NUMBER_OBJECT_CONVERSION = YES_AGGRESSIVE;
				CLANG_CXX_LANGUAGE_STANDARD = "gnu++14";
				CLANG_CXX_LIBRARY = "libc++";
				CLANG_ENABLE_MODULES = YES;
				CLANG_ENABLE_OBJC_ARC = YES;
				CLANG_ENABLE_OBJC_WEAK = YES;
				CLANG_WARN_BLOCK_CAPTURE_AUTORELEASING = YES;
				CLANG_WARN_BOOL_CONVERSION = YES;
				CLANG_WARN_COMMA = YES;
				CLANG_WARN_CONSTANT_CONVERSION = YES;
				CLANG_WARN_DEPRECATED_OBJC_IMPLEMENTATIONS = YES;
				CLANG_WARN_DIRECT_OBJC_ISA_USAGE = YES_ERROR;
				CLANG_WARN_DOCUMENTATION_COMMENTS = YES;
				CLANG_WARN_EMPTY_BODY = YES;
				CLANG_WARN_ENUM_CONVERSION = YES;
				CLANG_WARN_INFINITE_RECURSION = YES;
				CLANG_WARN_INT_CONVERSION = YES;
				CLANG_WARN_NON_LITERAL_NULL_CONVERSION = YES;
				CLANG_WARN_OBJC_IMPLICIT_RETAIN_SELF = YES;
				CLANG_WARN_OBJC_LITERAL_CONVERSION = YES;
				CLANG_WARN_OBJC_ROOT_CLASS = YES_ERROR;
				CLANG_WARN_RANGE_LOOP_ANALYSIS = YES;
				CLANG_WARN_STRICT_PROTOTYPES = YES;
				CLANG_WARN_SUSPICIOUS_MOVE = YES;
				CLANG_WARN_UNGUARDED_AVAILABILITY = YES_AGGRESSIVE;
				CLANG_WARN_UNREACHABLE_CODE = YES;
				CLANG_WARN__DUPLICATE_METHOD_MATCH = YES;
				CODE_SIGN_IDENTITY = "iPhone Developer";
				COPY_PHASE_STRIP = NO;
				DEBUG_INFORMATION_FORMAT = "dwarf-with-dsym";
				ENABLE_NS_ASSERTIONS = NO;
				ENABLE_STRICT_OBJC_MSGSEND = YES;
				GCC_C_LANGUAGE_STANDARD = gnu11;
				GCC_NO_COMMON_BLOCKS = YES;
				GCC_WARN_64_TO_32_BIT_CONVERSION = YES;
				GCC_WARN_ABOUT_RETURN_TYPE = YES_ERROR;
				GCC_WARN_UNDECLARED_SELECTOR = YES;
				GCC_WARN_UNINITIALIZED_AUTOS = YES_AGGRESSIVE;
				GCC_WARN_UNUSED_FUNCTION = YES;
				GCC_WARN_UNUSED_VARIABLE = YES;
				IPHONEOS_DEPLOYMENT_TARGET = 12.1;
				MTL_ENABLE_DEBUG_INFO = NO;
				MTL_FAST_MATH = YES;
				SDKROOT = iphoneos;
				SWIFT_COMPILATION_MODE = wholemodule;
				SWIFT_OPTIMIZATION_LEVEL = "-O";
				VALIDATE_PRODUCT = YES;
			};
			name = Release;
		};
		B6E332CB2236B8680088D6FF /* Debug */ = {
			isa = XCBuildConfiguration;
			buildSettings = {
				ASSETCATALOG_COMPILER_APPICON_NAME = AppIcon;
				CODE_SIGN_ENTITLEMENTS = HealthChallenge/HealthChallenge.entitlements;
				CODE_SIGN_STYLE = Automatic;
				DEVELOPMENT_TEAM = J6B8ZX28ZW;
				INFOPLIST_FILE = "$(SRCROOT)/HealthChallenge/Resources/Info.plist";
				LD_RUNPATH_SEARCH_PATHS = (
					"$(inherited)",
					"@executable_path/Frameworks",
				);
				PRODUCT_BUNDLE_IDENTIFIER = oskman.HealthChallenge;
				PRODUCT_NAME = "$(TARGET_NAME)";
				SWIFT_VERSION = 4.2;
				TARGETED_DEVICE_FAMILY = "1,2";
			};
			name = Debug;
		};
		B6E332CC2236B8680088D6FF /* Release */ = {
			isa = XCBuildConfiguration;
			buildSettings = {
				ASSETCATALOG_COMPILER_APPICON_NAME = AppIcon;
				CODE_SIGN_ENTITLEMENTS = HealthChallenge/HealthChallenge.entitlements;
				CODE_SIGN_STYLE = Automatic;
				DEVELOPMENT_TEAM = J6B8ZX28ZW;
				INFOPLIST_FILE = "$(SRCROOT)/HealthChallenge/Resources/Info.plist";
				LD_RUNPATH_SEARCH_PATHS = (
					"$(inherited)",
					"@executable_path/Frameworks",
				);
				PRODUCT_BUNDLE_IDENTIFIER = oskman.HealthChallenge;
				PRODUCT_NAME = "$(TARGET_NAME)";
				SWIFT_VERSION = 4.2;
				TARGETED_DEVICE_FAMILY = "1,2";
			};
			name = Release;
		};
/* End XCBuildConfiguration section */

/* Begin XCConfigurationList section */
		B6E332B32236B8650088D6FF /* Build configuration list for PBXProject "HealthChallenge" */ = {
			isa = XCConfigurationList;
			buildConfigurations = (
				B6E332C82236B8680088D6FF /* Debug */,
				B6E332C92236B8680088D6FF /* Release */,
			);
			defaultConfigurationIsVisible = 0;
			defaultConfigurationName = Release;
		};
		B6E332CA2236B8680088D6FF /* Build configuration list for PBXNativeTarget "HealthChallenge" */ = {
			isa = XCConfigurationList;
			buildConfigurations = (
				B6E332CB2236B8680088D6FF /* Debug */,
				B6E332CC2236B8680088D6FF /* Release */,
			);
			defaultConfigurationIsVisible = 0;
			defaultConfigurationName = Release;
		};
/* End XCConfigurationList section */
	};
	rootObject = B6E332B02236B8650088D6FF /* Project object */;
}
